
Microsoft Visual Studio Solution File, Format Version 12.00
# Visual Studio Version 16
VisualStudioVersion = 16.0.30523.141
MinimumVisualStudioVersion = 10.0.40219.1
Project("{9A19103F-16F7-4668-BE54-9A1E7A4F7556}") = "k01_Değişkenleri", "k01_Değişkenleri\k01_Değişkenleri.csproj", "{7E4A502F-FE7E-4576-AA93-E54F04C740EE}"
EndProject
Project("{9A19103F-16F7-4668-BE54-9A1E7A4F7556}") = "k02_Convert", "k02_Convert\k02_Convert.csproj", "{EC5C3223-810D-4925-8DAA-BFD17EE8EFDF}"
EndProject
Project("{9A19103F-16F7-4668-BE54-9A1E7A4F7556}") = "k03_operatorler", "k03_operatorler\k03_operatorler.csproj", "{D7E213D2-6D4E-45E9-BC20-44D0383E4A00}"
EndProject
Project("{FAE04EC0-301F-11D3-BF4B-00C04F79EFBC}") = "k04_Yasamdongusu", "k04_Yasamdongusu\k04_Yasamdongusu.csproj", "{CCA6B511-1BD3-4AC9-ACDD-0D9F45D56527}"
EndProject
Project("{FAE04EC0-301F-11D3-BF4B-00C04F79EFBC}") = "k05_HataYonetimi", "k05_HataYonetimi\k05_HataYonetimi.csproj", "{33759ACD-6AF5-40EF-9030-89C488A2F31C}"
EndProject
Project("{FAE04EC0-301F-11D3-BF4B-00C04F79EFBC}") = "k06_KararYapilari", "k06_KararYapilari\k06_KararYapilari.csproj", "{8650EF39-F408-453B-AE80-0304D9AAB958}"
EndProject
Project("{FAE04EC0-301F-11D3-BF4B-00C04F79EFBC}") = "k07_Döngüler", "k07_Döngüler\k07_Döngüler.csproj", "{3B83394D-6F7A-4D2A-8C1D-E8A1F11EC617}"
EndProject
Project("{FAE04EC0-301F-11D3-BF4B-00C04F79EFBC}") = "k08_Diziler", "k08_Diziler\k08_Diziler.csproj", "{F3AEC63D-F0F7-49EE-97D2-23FA0322C6C6}"
EndProject
Global
	GlobalSection(SolutionConfigurationPlatforms) = preSolution
		Debug|Any CPU = Debug|Any CPU
		Release|Any CPU = Release|Any CPU
	EndGlobalSection
	GlobalSection(ProjectConfigurationPlatforms) = postSolution
		{7E4A502F-FE7E-4576-AA93-E54F04C740EE}.Debug|Any CPU.ActiveCfg = Debug|Any CPU
		{7E4A502F-FE7E-4576-AA93-E54F04C740EE}.Debug|Any CPU.Build.0 = Debug|Any CPU
		{7E4A502F-FE7E-4576-AA93-E54F04C740EE}.Release|Any CPU.ActiveCfg = Release|Any CPU
		{7E4A502F-FE7E-4576-AA93-E54F04C740EE}.Release|Any CPU.Build.0 = Release|Any CPU
		{EC5C3223-810D-4925-8DAA-BFD17EE8EFDF}.Debug|Any CPU.ActiveCfg = Debug|Any CPU
		{EC5C3223-810D-4925-8DAA-BFD17EE8EFDF}.Debug|Any CPU.Build.0 = Debug|Any CPU
		{EC5C3223-810D-4925-8DAA-BFD17EE8EFDF}.Release|Any CPU.ActiveCfg = Release|Any CPU
		{EC5C3223-810D-4925-8DAA-BFD17EE8EFDF}.Release|Any CPU.Build.0 = Release|Any CPU
		{D7E213D2-6D4E-45E9-BC20-44D0383E4A00}.Debug|Any CPU.ActiveCfg = Debug|Any CPU
		{D7E213D2-6D4E-45E9-BC20-44D0383E4A00}.Debug|Any CPU.Build.0 = Debug|Any CPU
		{D7E213D2-6D4E-45E9-BC20-44D0383E4A00}.Release|Any CPU.ActiveCfg = Release|Any CPU
		{D7E213D2-6D4E-45E9-BC20-44D0383E4A00}.Release|Any CPU.Build.0 = Release|Any CPU
		{CCA6B511-1BD3-4AC9-ACDD-0D9F45D56527}.Debug|Any CPU.ActiveCfg = Debug|Any CPU
		{CCA6B511-1BD3-4AC9-ACDD-0D9F45D56527}.Debug|Any CPU.Build.0 = Debug|Any CPU
		{CCA6B511-1BD3-4AC9-ACDD-0D9F45D56527}.Release|Any CPU.ActiveCfg = Release|Any CPU
		{CCA6B511-1BD3-4AC9-ACDD-0D9F45D56527}.Release|Any CPU.Build.0 = Release|Any CPU
		{33759ACD-6AF5-40EF-9030-89C488A2F31C}.Debug|Any CPU.ActiveCfg = Debug|Any CPU
		{33759ACD-6AF5-40EF-9030-89C488A2F31C}.Debug|Any CPU.Build.0 = Debug|Any CPU
		{33759ACD-6AF5-40EF-9030-89C488A2F31C}.Release|Any CPU.ActiveCfg = Release|Any CPU
		{33759ACD-6AF5-40EF-9030-89C488A2F31C}.Release|Any CPU.Build.0 = Release|Any CPU
		{8650EF39-F408-453B-AE80-0304D9AAB958}.Debug|Any CPU.ActiveCfg = Debug|Any CPU
		{8650EF39-F408-453B-AE80-0304D9AAB958}.Debug|Any CPU.Build.0 = Debug|Any CPU
		{8650EF39-F408-453B-AE80-0304D9AAB958}.Release|Any CPU.ActiveCfg = Release|Any CPU
		{8650EF39-F408-453B-AE80-0304D9AAB958}.Release|Any CPU.Build.0 = Release|Any CPU
		{3B83394D-6F7A-4D2A-8C1D-E8A1F11EC617}.Debug|Any CPU.ActiveCfg = Debug|Any CPU
		{3B83394D-6F7A-4D2A-8C1D-E8A1F11EC617}.Debug|Any CPU.Build.0 = Debug|Any CPU
		{3B83394D-6F7A-4D2A-8C1D-E8A1F11EC617}.Release|Any CPU.ActiveCfg = Release|Any CPU
		{3B83394D-6F7A-4D2A-8C1D-E8A1F11EC617}.Release|Any CPU.Build.0 = Release|Any CPU
		{F3AEC63D-F0F7-49EE-97D2-23FA0322C6C6}.Debug|Any CPU.ActiveCfg = Debug|Any CPU
		{F3AEC63D-F0F7-49EE-97D2-23FA0322C6C6}.Debug|Any CPU.Build.0 = Debug|Any CPU
		{F3AEC63D-F0F7-49EE-97D2-23FA0322C6C6}.Release|Any CPU.ActiveCfg = Release|Any CPU
		{F3AEC63D-F0F7-49EE-97D2-23FA0322C6C6}.Release|Any CPU.Build.0 = Release|Any CPU
	EndGlobalSection
	GlobalSection(SolutionProperties) = preSolution
		HideSolutionNode = FALSE
	EndGlobalSection
	GlobalSection(ExtensibilityGlobals) = postSolution
		SolutionGuid = {21214A77-6871-4E95-AF1C-89206920BB79}
	EndGlobalSection
EndGlobal
